
Microsoft Visual Studio Solution File, Format Version 12.00
# Visual Studio Version 16
VisualStudioVersion = 16.0.31205.134
MinimumVisualStudioVersion = 10.0.40219.1
Project("{FAE04EC0-301F-11D3-BF4B-00C04F79EFBC}") = "MiliasBalint_Beadando", "MiliasBalint_Beadando\MiliasBalint_Beadando.csproj", "{431EE4E5-8942-4157-B354-6FDB52BA3051}"
EndProject
Global
	GlobalSection(SolutionConfigurationPlatforms) = preSolution
		Debug|Any CPU = Debug|Any CPU
		Release|Any CPU = Release|Any CPU
	EndGlobalSection
	GlobalSection(ProjectConfigurationPlatforms) = postSolution
		{431EE4E5-8942-4157-B354-6FDB52BA3051}.Debug|Any CPU.ActiveCfg = Debug|Any CPU
		{431EE4E5-8942-4157-B354-6FDB52BA3051}.Debug|Any CPU.Build.0 = Debug|Any CPU
		{431EE4E5-8942-4157-B354-6FDB52BA3051}.Release|Any CPU.ActiveCfg = Release|Any CPU
		{431EE4E5-8942-4157-B354-6FDB52BA3051}.Release|Any CPU.Build.0 = Release|Any CPU
	EndGlobalSection
	GlobalSection(SolutionProperties) = preSolution
		HideSolutionNode = FALSE
	EndGlobalSection
	GlobalSection(ExtensibilityGlobals) = postSolution
		SolutionGuid = {FEC8BE8D-F1DC-422D-A14D-03F58A4DC58E}
	EndGlobalSection
EndGlobal
